{
  "nodes": {
    "flake-utils": {
      "inputs": {
        "systems": "systems"
      },
      "locked": {
        "lastModified": 1710146030,
        "narHash": "sha256-SZ5L6eA7HJ/nmkzGG7/ISclqe6oZdOZTNoesiInkXPQ=",
        "owner": "numtide",
        "repo": "flake-utils",
        "rev": "b1d9ab70662946ef0850d488da1c9019f3a9752a",
        "type": "github"
      },
      "original": {
        "owner": "numtide",
        "repo": "flake-utils",
        "type": "github"
      }
    },
    "home-manager": {
      "inputs": {
        "nixpkgs": [
          "nixpkgs"
        ]
      },
      "locked": {
        "lastModified": 1715380449,
        "narHash": "sha256-716+f9Rj3wjSyD1xitCv2FcYbgPz1WIVDj+ZBclH99Y=",
        "owner": "nix-community",
        "repo": "home-manager",
        "rev": "d7682620185f213df384c363288093b486b2883f",
        "type": "github"
      },
      "original": {
        "owner": "nix-community",
        "repo": "home-manager",
        "type": "github"
      }
    },
    "jujutsu": {
      "inputs": {
        "flake-utils": "flake-utils",
        "nixpkgs": [
          "nixpkgs"
        ],
        "rust-overlay": "rust-overlay"
      },
      "locked": {
        "lastModified": 1715415369,
        "narHash": "sha256-an7aIPLW4+vUWwYgTHsydKdIiAB76EFHZqwOHEL5GWM=",
        "owner": "martinvonz",
        "repo": "jj",
        "rev": "d0a29a831d285438e7d1218c838accbffef3ebe2",
        "type": "github"
      },
      "original": {
        "owner": "martinvonz",
        "repo": "jj",
        "type": "github"
      }
    },
    "minegrub-theme": {
      "inputs": {
        "nixpkgs": [
          "nixpkgs"
        ]
      },
      "locked": {
        "lastModified": 1689938346,
        "narHash": "sha256-uB6B1c0vFwng5SHLNxR5LgPfxOW26O8TL0hCn02uwCI=",
        "owner": "Lxtharia",
        "repo": "minegrub-theme",
        "rev": "b6f8a3a7e2fd22d72e2dbdaf563ad0bcb5c78e45",
        "type": "github"
      },
      "original": {
        "owner": "Lxtharia",
        "repo": "minegrub-theme",
        "rev": "b6f8a3a7e2fd22d72e2dbdaf563ad0bcb5c78e45",
        "type": "github"
      }
    },
    "nixpkgs": {
      "locked": {
        "lastModified": 1715266358,
        "narHash": "sha256-doPgfj+7FFe9rfzWo1siAV2mVCasW+Bh8I1cToAXEE4=",
        "owner": "nixos",
        "repo": "nixpkgs",
        "rev": "f1010e0469db743d14519a1efd37e23f8513d714",
        "type": "github"
      },
      "original": {
        "owner": "nixos",
        "ref": "nixos-unstable",
        "repo": "nixpkgs",
        "type": "github"
      }
    },
    "nixpkgs-stable": {
      "locked": {
        "lastModified": 1715395895,
        "narHash": "sha256-DreMqi6+qa21ffLQqhMQL2XRUkAGt3N7iVB5FhJKie4=",
        "owner": "nixos",
        "repo": "nixpkgs",
        "rev": "71bae31b7dbc335528ca7e96f479ec93462323ff",
        "type": "github"
      },
      "original": {
        "owner": "nixos",
        "ref": "nixos-23.11",
        "repo": "nixpkgs",
        "type": "github"
      }
    },
    "nur": {
      "locked": {
        "lastModified": 1715453178,
        "narHash": "sha256-zGfCo5eLwErY81TfyLQVF00hVc/xe4mh/NzGj7hE0bs=",
        "owner": "nix-community",
        "repo": "NUR",
        "rev": "acdefc246fb529a7b0275454e39cb40512c60433",
        "type": "github"
      },
      "original": {
        "owner": "nix-community",
        "repo": "NUR",
        "type": "github"
      }
    },
    "root": {
      "inputs": {
        "home-manager": "home-manager",
        "jujutsu": "jujutsu",
        "minegrub-theme": "minegrub-theme",
        "nixpkgs": "nixpkgs",
        "nixpkgs-stable": "nixpkgs-stable",
        "nur": "nur"
      }
    },
    "rust-overlay": {
      "inputs": {
        "flake-utils": [
          "jujutsu",
          "flake-utils"
        ],
        "nixpkgs": [
          "jujutsu",
          "nixpkgs"
        ]
      },
      "locked": {
        "lastModified": 1714961776,
        "narHash": "sha256-LiIxWRKbm1DZ+7l1a6FMmIO8leQx5yrRLIApCMai1DY=",
        "owner": "oxalica",
        "repo": "rust-overlay",
        "rev": "f3b20ea4131408ea585bddb1f41f91c4de9499cf",
        "type": "github"
      },
      "original": {
        "owner": "oxalica",
        "repo": "rust-overlay",
        "type": "github"
      }
    },
    "systems": {
      "locked": {
        "lastModified": 1681028828,
        "narHash": "sha256-Vy1rq5AaRuLzOxct8nz4T6wlgyUR7zLU309k9mBC768=",
        "owner": "nix-systems",
        "repo": "default",
        "rev": "da67096a3b9bf56a91d16901293e51ba5b49a27e",
        "type": "github"
      },
      "original": {
        "owner": "nix-systems",
        "repo": "default",
        "type": "github"
      }
    }
  },
  "root": "root",
  "version": 7
}
